{
  "name": "Hackathon",
  "lockfileVersion": 3,
  "requires": true,
  "packages": {
    "": {
      "dependencies": {
        "@auth0/auth0-angular": "^2.2.1",
        "bootstrap": "^5.3.2",
        "jquery": "^3.7.1",
        "popper.js": "^1.16.1",
        "primeicons": "^6.0.1",
        "primeng": "^16.4.1"
      }
    },
    "node_modules/@angular/common": {
      "version": "16.2.8",
      "resolved": "https://registry.npmjs.org/@angular/common/-/common-16.2.8.tgz",
      "integrity": "sha512-0LZSBHnk9c6XPcrQx9D8i0DKi807IuiuOtK4kMa64aj1pySY3TK+uort5hqpmhgdqiCbBHZjgpRpU83LoTTl3w==",
      "peer": true,
      "dependencies": {
        "tslib": "^2.3.0"
      },
      "engines": {
        "node": "^16.14.0 || >=18.10.0"
      },
      "peerDependencies": {
        "@angular/core": "16.2.8",
        "rxjs": "^6.5.3 || ^7.4.0"
      }
    },
    "node_modules/@angular/core": {
      "version": "16.2.8",
      "resolved": "https://registry.npmjs.org/@angular/core/-/core-16.2.8.tgz",
      "integrity": "sha512-v3kwZsjf7mKBGMky+UfxV3iwA1BFy1c3gmjyHSPSll9TPr2jkfwstoB2Cc+wmS2S9ezHFAMX++XXRymKVRQzQg==",
      "peer": true,
      "dependencies": {
        "tslib": "^2.3.0"
      },
      "engines": {
        "node": "^16.14.0 || >=18.10.0"
      },
      "peerDependencies": {
        "rxjs": "^6.5.3 || ^7.4.0",
        "zone.js": "~0.13.0"
      }
    },
    "node_modules/@angular/forms": {
      "version": "16.2.8",
      "resolved": "https://registry.npmjs.org/@angular/forms/-/forms-16.2.8.tgz",
      "integrity": "sha512-EKv9hdajLnFjz6lH5O8rWtFPqUWws7w+CCoFZw+z+9D6onM26w4Fw0Ng7PMP3g9zGGC4YyqEl729mBsgxAO+7A==",
      "peer": true,
      "dependencies": {
        "tslib": "^2.3.0"
      },
      "engines": {
        "node": "^16.14.0 || >=18.10.0"
      },
      "peerDependencies": {
        "@angular/common": "16.2.8",
        "@angular/core": "16.2.8",
        "@angular/platform-browser": "16.2.8",
        "rxjs": "^6.5.3 || ^7.4.0"
      }
    },
    "node_modules/@angular/platform-browser": {
      "version": "16.2.8",
      "resolved": "https://registry.npmjs.org/@angular/platform-browser/-/platform-browser-16.2.8.tgz",
      "integrity": "sha512-y0rt8HmnTjvZrqt+bKU5CnmaI7xQiRWIaLWpYXGgqcqqMDgMYwSm2lV3H6K6S1v0ut+Q+zIWj2rGjr8Apox34Q==",
      "peer": true,
      "dependencies": {
        "tslib": "^2.3.0"
      },
      "engines": {
        "node": "^16.14.0 || >=18.10.0"
      },
      "peerDependencies": {
        "@angular/animations": "16.2.8",
        "@angular/common": "16.2.8",
        "@angular/core": "16.2.8"
      },
      "peerDependenciesMeta": {
        "@angular/animations": {
          "optional": true
        }
      }
    },
    "node_modules/@angular/router": {
      "version": "16.2.8",
      "resolved": "https://registry.npmjs.org/@angular/router/-/router-16.2.8.tgz",
      "integrity": "sha512-mWpapabWtk8Qtyb2BalXtvud9m6BCiKg8moJNb8dEAGjDzMTWqWOr4zkFHoIFX+gj2JKKDa6btPWVD6J5K6Ojg==",
      "peer": true,
      "dependencies": {
        "tslib": "^2.3.0"
      },
      "engines": {
        "node": "^16.14.0 || >=18.10.0"
      },
      "peerDependencies": {
        "@angular/common": "16.2.8",
        "@angular/core": "16.2.8",
        "@angular/platform-browser": "16.2.8",
        "rxjs": "^6.5.3 || ^7.4.0"
      }
    },
    "node_modules/@auth0/auth0-angular": {
      "version": "2.2.1",
      "resolved": "https://registry.npmjs.org/@auth0/auth0-angular/-/auth0-angular-2.2.1.tgz",
      "integrity": "sha512-ie9CMNOdQ3mkhhe09SEporCayDuuPYHNmctyHeV6caVgZVSSu9FlFt2ec6CkX27ufDq7yCdyJGnDixWxNtUG+Q==",
      "dependencies": {
        "@auth0/auth0-spa-js": "^2.0.1",
        "tslib": "^2.0.0"
      },
      "peerDependencies": {
        "@angular/common": ">=13",
        "@angular/core": ">=13",
        "@angular/router": ">=13"
      }
    },
    "node_modules/@auth0/auth0-spa-js": {
      "version": "2.1.2",
      "resolved": "https://registry.npmjs.org/@auth0/auth0-spa-js/-/auth0-spa-js-2.1.2.tgz",
      "integrity": "sha512-xdA65Z/U7++Y7L9Uwh8Q8OVOs6qgFz+fb7GAzHFjpr1icO37B//xdzLXm7ZRgA19RWrsNe1nme3h896igJSvvw=="
    },
    "node_modules/@popperjs/core": {
      "version": "2.11.8",
      "resolved": "https://registry.npmjs.org/@popperjs/core/-/core-2.11.8.tgz",
      "integrity": "sha512-P1st0aksCrn9sGZhp8GMYwBnQsbvAWsZAX44oXNNvLHGqAOcoVxmjZiohstwQ7SqKnbR47akdNi+uleWD8+g6A==",
      "peer": true,
      "funding": {
        "type": "opencollective",
        "url": "https://opencollective.com/popperjs"
      }
    },
    "node_modules/bootstrap": {
      "version": "5.3.2",
      "resolved": "https://registry.npmjs.org/bootstrap/-/bootstrap-5.3.2.tgz",
      "integrity": "sha512-D32nmNWiQHo94BKHLmOrdjlL05q1c8oxbtBphQFb9Z5to6eGRDCm0QgeaZ4zFBHzfg2++rqa2JkqCcxDy0sH0g==",
      "funding": [
        {
          "type": "github",
          "url": "https://github.com/sponsors/twbs"
        },
        {
          "type": "opencollective",
          "url": "https://opencollective.com/bootstrap"
        }
      ],
      "peerDependencies": {
        "@popperjs/core": "^2.11.8"
      }
    },
    "node_modules/jquery": {
      "version": "3.7.1",
      "resolved": "https://registry.npmjs.org/jquery/-/jquery-3.7.1.tgz",
      "integrity": "sha512-m4avr8yL8kmFN8psrbFFFmB/If14iN5o9nw/NgnnM+kybDJpRsAynV2BsfpTYrTRysYUdADVD7CkUUizgkpLfg=="
    },
    "node_modules/popper.js": {
      "version": "1.16.1",
      "resolved": "https://registry.npmjs.org/popper.js/-/popper.js-1.16.1.tgz",
      "integrity": "sha512-Wb4p1J4zyFTbM+u6WuO4XstYx4Ky9Cewe4DWrel7B0w6VVICvPwdOpotjzcf6eD8TsckVnIMNONQyPIUFOUbCQ==",
      "deprecated": "You can find the new Popper v2 at @popperjs/core, this package is dedicated to the legacy v1",
      "funding": {
        "type": "opencollective",
        "url": "https://opencollective.com/popperjs"
      }
    },
    "node_modules/primeicons": {
      "version": "6.0.1",
      "resolved": "https://registry.npmjs.org/primeicons/-/primeicons-6.0.1.tgz",
      "integrity": "sha512-KDeO94CbWI4pKsPnYpA1FPjo79EsY9I+M8ywoPBSf9XMXoe/0crjbUK7jcQEDHuc0ZMRIZsxH3TYLv4TUtHmAA=="
    },
    "node_modules/primeng": {
      "version": "16.4.1",
      "resolved": "https://registry.npmjs.org/primeng/-/primeng-16.4.1.tgz",
      "integrity": "sha512-IKOkl74gLDYyrtommqQ9T1isczlLV78qL0uTk5kjPJhyt4gdgEaYP0TAp4GrI2rwsW68BDo65xuP3vgD5LMmMw==",
      "dependencies": {
        "tslib": "^2.3.0"
      },
      "peerDependencies": {
        "@angular/common": "^16.2.0",
        "@angular/core": "^16.2.0",
        "@angular/forms": "^16.2.0",
        "rxjs": "^6.0.0 || ^7.8.1",
        "zone.js": "~0.13.0"
      }
    },
    "node_modules/rxjs": {
      "version": "7.8.1",
      "resolved": "https://registry.npmjs.org/rxjs/-/rxjs-7.8.1.tgz",
      "integrity": "sha512-AA3TVj+0A2iuIoQkWEK/tqFjBq2j+6PO6Y0zJcvzLAFhEFIO3HL0vls9hWLncZbAAbK0mar7oZ4V079I/qPMxg==",
      "peer": true,
      "dependencies": {
        "tslib": "^2.1.0"
      }
    },
    "node_modules/tslib": {
      "version": "2.6.2",
      "resolved": "https://registry.npmjs.org/tslib/-/tslib-2.6.2.tgz",
      "integrity": "sha512-AEYxH93jGFPn/a2iVAwW87VuUIkR1FVUKB77NwMF7nBTDkDrrT/Hpt/IrCJ0QXhW27jTBDcf5ZY7w6RiqTMw2Q=="
    },
    "node_modules/zone.js": {
      "version": "0.13.3",
      "resolved": "https://registry.npmjs.org/zone.js/-/zone.js-0.13.3.tgz",
      "integrity": "sha512-MKPbmZie6fASC/ps4dkmIhaT5eonHkEt6eAy80K42tAm0G2W+AahLJjbfi6X9NPdciOE9GRFTTM8u2IiF6O3ww==",
      "peer": true,
      "dependencies": {
        "tslib": "^2.3.0"
      }
    }
  }
}
